// !$*UTF8*$!
{
	archiveVersion = 1;
	classes = {
	};
	objectVersion = 46;
	objects = {

/* Begin PBXBuildFile section */
		B06A5CE71E43565F00DAFF6B /* BasicLog.swift in Sources */ = {isa = PBXBuildFile; fileRef = B06A5CE61E43565F00DAFF6B /* BasicLog.swift */; };
		B06A5CE81E43565F00DAFF6B /* BasicLog.swift in Sources */ = {isa = PBXBuildFile; fileRef = B06A5CE61E43565F00DAFF6B /* BasicLog.swift */; };
		B06A5CE91E43565F00DAFF6B /* BasicLog.swift in Sources */ = {isa = PBXBuildFile; fileRef = B06A5CE61E43565F00DAFF6B /* BasicLog.swift */; };
		B06A5CF11E4358D500DAFF6B /* LogTests.swift in Sources */ = {isa = PBXBuildFile; fileRef = B06A5CF01E4358D500DAFF6B /* LogTests.swift */; };
		B06A5CF31E4358D500DAFF6B /* Log.framework in Frameworks */ = {isa = PBXBuildFile; fileRef = B08CCA261CC8DFDE00FB17EE /* Log.framework */; };
		B08CC9C51CC53D8700FB17EE /* Log.swift in Sources */ = {isa = PBXBuildFile; fileRef = B08CC9C41CC53D8700FB17EE /* Log.swift */; };
		B08CCA1B1CC8DF4700FB17EE /* Log.swift in Sources */ = {isa = PBXBuildFile; fileRef = B08CC9C41CC53D8700FB17EE /* Log.swift */; };
		B08CCA3D1CC8E01100FB17EE /* Log.swift in Sources */ = {isa = PBXBuildFile; fileRef = B08CC9C41CC53D8700FB17EE /* Log.swift */; };
/* End PBXBuildFile section */

/* Begin PBXContainerItemProxy section */
		B06A5CF41E4358D500DAFF6B /* PBXContainerItemProxy */ = {
			isa = PBXContainerItemProxy;
			containerPortal = B08CC9871CC526AF00FB17EE /* Project object */;
			proxyType = 1;
			remoteGlobalIDString = B08CCA251CC8DFDE00FB17EE;
			remoteInfo = "Log-macOS";
		};
/* End PBXContainerItemProxy section */

/* Begin PBXFileReference section */
		B06A5CE61E43565F00DAFF6B /* BasicLog.swift */ = {isa = PBXFileReference; fileEncoding = 4; lastKnownFileType = sourcecode.swift; path = BasicLog.swift; sourceTree = "<group>"; };
		B06A5CEE1E4358D500DAFF6B /* LogTests.xctest */ = {isa = PBXFileReference; explicitFileType = wrapper.cfbundle; includeInIndex = 0; path = LogTests.xctest; sourceTree = BUILT_PRODUCTS_DIR; };
		B06A5CF01E4358D500DAFF6B /* LogTests.swift */ = {isa = PBXFileReference; lastKnownFileType = sourcecode.swift; path = LogTests.swift; sourceTree = "<group>"; };
		B06A5CF21E4358D500DAFF6B /* Info.plist */ = {isa = PBXFileReference; lastKnownFileType = text.plist.xml; path = Info.plist; sourceTree = "<group>"; };
		B08CC9901CC526AF00FB17EE /* Log.framework */ = {isa = PBXFileReference; explicitFileType = wrapper.framework; includeInIndex = 0; path = Log.framework; sourceTree = BUILT_PRODUCTS_DIR; };
		B08CC9951CC526B000FB17EE /* Info.plist */ = {isa = PBXFileReference; lastKnownFileType = text.plist.xml; path = Info.plist; sourceTree = "<group>"; };
		B08CC99F1CC526B000FB17EE /* LogTests.swift */ = {isa = PBXFileReference; lastKnownFileType = sourcecode.swift; path = LogTests.swift; sourceTree = "<group>"; };
		B08CC9A11CC526B000FB17EE /* Info.plist */ = {isa = PBXFileReference; lastKnownFileType = text.plist.xml; path = Info.plist; sourceTree = "<group>"; };
		B08CC9BF1CC52E0600FB17EE /* Nimble.framework */ = {isa = PBXFileReference; lastKnownFileType = wrapper.framework; name = Nimble.framework; path = "Carthage/Checkouts/Nimble/build/Debug-iphoneos/Nimble.framework"; sourceTree = "<group>"; };
		B08CC9C11CC52E0B00FB17EE /* Quick.framework */ = {isa = PBXFileReference; lastKnownFileType = wrapper.framework; name = Quick.framework; path = "Carthage/Checkouts/Quick/build/Debug-iphoneos/Quick.framework"; sourceTree = "<group>"; };
		B08CC9C41CC53D8700FB17EE /* Log.swift */ = {isa = PBXFileReference; fileEncoding = 4; lastKnownFileType = sourcecode.swift; path = Log.swift; sourceTree = "<group>"; };
		B08CC9FB1CC7C1E900FB17EE /* README.md */ = {isa = PBXFileReference; fileEncoding = 4; lastKnownFileType = net.daringfireball.markdown; path = README.md; sourceTree = "<group>"; };
		B08CC9FD1CC7CE7200FB17EE /* LICENSE.txt */ = {isa = PBXFileReference; fileEncoding = 4; lastKnownFileType = text; path = LICENSE.txt; sourceTree = "<group>"; };
		B08CCA041CC8DF1400FB17EE /* Log.framework */ = {isa = PBXFileReference; explicitFileType = wrapper.framework; includeInIndex = 0; path = Log.framework; sourceTree = BUILT_PRODUCTS_DIR; };
		B08CCA1D1CC8DFB700FB17EE /* Quick.framework */ = {isa = PBXFileReference; lastKnownFileType = wrapper.framework; name = Quick.framework; path = "Carthage/Checkouts/Quick/build/Debug-appletvos/Quick.framework"; sourceTree = "<group>"; };
		B08CCA1F1CC8DFBC00FB17EE /* Nimble.framework */ = {isa = PBXFileReference; lastKnownFileType = wrapper.framework; name = Nimble.framework; path = "Carthage/Checkouts/Nimble/build/Debug-appletvos/Nimble.framework"; sourceTree = "<group>"; };
		B08CCA261CC8DFDE00FB17EE /* Log.framework */ = {isa = PBXFileReference; explicitFileType = wrapper.framework; includeInIndex = 0; path = Log.framework; sourceTree = BUILT_PRODUCTS_DIR; };
		B08CCA3F1CC8E01F00FB17EE /* Quick.framework */ = {isa = PBXFileReference; lastKnownFileType = wrapper.framework; name = Quick.framework; path = Carthage/Checkouts/Quick/build/Debug/Quick.framework; sourceTree = "<group>"; };
		B08CCA411CC8E02300FB17EE /* Nimble.framework */ = {isa = PBXFileReference; lastKnownFileType = wrapper.framework; name = Nimble.framework; path = Carthage/Checkouts/Nimble/build/Debug/Nimble.framework; sourceTree = "<group>"; };
/* End PBXFileReference section */

/* Begin PBXFrameworksBuildPhase section */
		B06A5CEB1E4358D500DAFF6B /* Frameworks */ = {
			isa = PBXFrameworksBuildPhase;
			buildActionMask = 2147483647;
			files = (
				B06A5CF31E4358D500DAFF6B /* Log.framework in Frameworks */,
			);
			runOnlyForDeploymentPostprocessing = 0;
		};
		B08CC98C1CC526AF00FB17EE /* Frameworks */ = {
			isa = PBXFrameworksBuildPhase;
			buildActionMask = 2147483647;
			files = (
			);
			runOnlyForDeploymentPostprocessing = 0;
		};
		B08CCA001CC8DF1400FB17EE /* Frameworks */ = {
			isa = PBXFrameworksBuildPhase;
			buildActionMask = 2147483647;
			files = (
			);
			runOnlyForDeploymentPostprocessing = 0;
		};
		B08CCA221CC8DFDE00FB17EE /* Frameworks */ = {
			isa = PBXFrameworksBuildPhase;
			buildActionMask = 2147483647;
			files = (
			);
			runOnlyForDeploymentPostprocessing = 0;
		};
/* End PBXFrameworksBuildPhase section */

/* Begin PBXGroup section */
		B06A5CEF1E4358D500DAFF6B /* LogTests */ = {
			isa = PBXGroup;
			children = (
				B06A5CF01E4358D500DAFF6B /* LogTests.swift */,
				B06A5CF21E4358D500DAFF6B /* Info.plist */,
			);
			path = LogTests;
			sourceTree = "<group>";
		};
		B08CC9861CC526AF00FB17EE = {
			isa = PBXGroup;
			children = (
				B08CC9FD1CC7CE7200FB17EE /* LICENSE.txt */,
				B08CC9FB1CC7C1E900FB17EE /* README.md */,
				B08CC9921CC526B000FB17EE /* Log */,
				B08CC99E1CC526B000FB17EE /* LogTests */,
				B06A5CEF1E4358D500DAFF6B /* LogTests */,
				B08CC9911CC526AF00FB17EE /* Products */,
				B08CC9C31CC52E5300FB17EE /* Frameworks */,
			);
			sourceTree = "<group>";
		};
		B08CC9911CC526AF00FB17EE /* Products */ = {
			isa = PBXGroup;
			children = (
				B08CC9901CC526AF00FB17EE /* Log.framework */,
				B08CCA041CC8DF1400FB17EE /* Log.framework */,
				B08CCA261CC8DFDE00FB17EE /* Log.framework */,
				B06A5CEE1E4358D500DAFF6B /* LogTests.xctest */,
			);
			name = Products;
			sourceTree = "<group>";
		};
		B08CC9921CC526B000FB17EE /* Log */ = {
			isa = PBXGroup;
			children = (
				B08CC9C41CC53D8700FB17EE /* Log.swift */,
				B06A5CE61E43565F00DAFF6B /* BasicLog.swift */,
				B08CC9951CC526B000FB17EE /* Info.plist */,
			);
			path = Log;
			sourceTree = "<group>";
		};
		B08CC99E1CC526B000FB17EE /* LogTests */ = {
			isa = PBXGroup;
			children = (
				B08CC99F1CC526B000FB17EE /* LogTests.swift */,
				B08CC9A11CC526B000FB17EE /* Info.plist */,
			);
			path = LogTests;
			sourceTree = "<group>";
		};
		B08CC9C31CC52E5300FB17EE /* Frameworks */ = {
			isa = PBXGroup;
			children = (
				B08CCA411CC8E02300FB17EE /* Nimble.framework */,
				B08CCA3F1CC8E01F00FB17EE /* Quick.framework */,
				B08CCA1F1CC8DFBC00FB17EE /* Nimble.framework */,
				B08CCA1D1CC8DFB700FB17EE /* Quick.framework */,
				B08CC9C11CC52E0B00FB17EE /* Quick.framework */,
				B08CC9BF1CC52E0600FB17EE /* Nimble.framework */,
			);
			name = Frameworks;
			sourceTree = "<group>";
		};
/* End PBXGroup section */

/* Begin PBXHeadersBuildPhase section */
		B08CC98D1CC526AF00FB17EE /* Headers */ = {
			isa = PBXHeadersBuildPhase;
			buildActionMask = 2147483647;
			files = (
			);
			runOnlyForDeploymentPostprocessing = 0;
		};
		B08CCA011CC8DF1400FB17EE /* Headers */ = {
			isa = PBXHeadersBuildPhase;
			buildActionMask = 2147483647;
			files = (
			);
			runOnlyForDeploymentPostprocessing = 0;
		};
		B08CCA231CC8DFDE00FB17EE /* Headers */ = {
			isa = PBXHeadersBuildPhase;
			buildActionMask = 2147483647;
			files = (
			);
			runOnlyForDeploymentPostprocessing = 0;
		};
/* End PBXHeadersBuildPhase section */

/* Begin PBXNativeTarget section */
		B06A5CED1E4358D500DAFF6B /* LogTests */ = {
			isa = PBXNativeTarget;
			buildConfigurationList = B06A5CF61E4358D500DAFF6B /* Build configuration list for PBXNativeTarget "LogTests" */;
			buildPhases = (
				B06A5CEA1E4358D500DAFF6B /* Sources */,
				B06A5CEB1E4358D500DAFF6B /* Frameworks */,
				B06A5CEC1E4358D500DAFF6B /* Resources */,
			);
			buildRules = (
			);
			dependencies = (
				B06A5CF51E4358D500DAFF6B /* PBXTargetDependency */,
			);
			name = LogTests;
			productName = LogTests;
			productReference = B06A5CEE1E4358D500DAFF6B /* LogTests.xctest */;
			productType = "com.apple.product-type.bundle.unit-test";
		};
		B08CC98F1CC526AF00FB17EE /* Log-iOS */ = {
			isa = PBXNativeTarget;
			buildConfigurationList = B08CC9A41CC526B000FB17EE /* Build configuration list for PBXNativeTarget "Log-iOS" */;
			buildPhases = (
				B08CC98B1CC526AF00FB17EE /* Sources */,
				B08CC98C1CC526AF00FB17EE /* Frameworks */,
				B08CC98D1CC526AF00FB17EE /* Headers */,
				B08CC98E1CC526AF00FB17EE /* Resources */,
			);
			buildRules = (
			);
			dependencies = (
			);
			name = "Log-iOS";
			productName = Log;
			productReference = B08CC9901CC526AF00FB17EE /* Log.framework */;
			productType = "com.apple.product-type.framework";
		};
		B08CCA031CC8DF1400FB17EE /* Log-tvOS */ = {
			isa = PBXNativeTarget;
			buildConfigurationList = B08CCA151CC8DF1400FB17EE /* Build configuration list for PBXNativeTarget "Log-tvOS" */;
			buildPhases = (
				B08CC9FF1CC8DF1400FB17EE /* Sources */,
				B08CCA001CC8DF1400FB17EE /* Frameworks */,
				B08CCA011CC8DF1400FB17EE /* Headers */,
				B08CCA021CC8DF1400FB17EE /* Resources */,
			);
			buildRules = (
			);
			dependencies = (
			);
			name = "Log-tvOS";
			productName = "Log-tvOS";
			productReference = B08CCA041CC8DF1400FB17EE /* Log.framework */;
			productType = "com.apple.product-type.framework";
		};
		B08CCA251CC8DFDE00FB17EE /* Log-macOS */ = {
			isa = PBXNativeTarget;
			buildConfigurationList = B08CCA371CC8DFDE00FB17EE /* Build configuration list for PBXNativeTarget "Log-macOS" */;
			buildPhases = (
				B08CCA211CC8DFDE00FB17EE /* Sources */,
				B08CCA221CC8DFDE00FB17EE /* Frameworks */,
				B08CCA231CC8DFDE00FB17EE /* Headers */,
				B08CCA241CC8DFDE00FB17EE /* Resources */,
			);
			buildRules = (
			);
			dependencies = (
			);
			name = "Log-macOS";
			productName = "Log-macOS";
			productReference = B08CCA261CC8DFDE00FB17EE /* Log.framework */;
			productType = "com.apple.product-type.framework";
		};
/* End PBXNativeTarget section */

/* Begin PBXProject section */
		B08CC9871CC526AF00FB17EE /* Project object */ = {
			isa = PBXProject;
			attributes = {
				LastSwiftUpdateCheck = 0820;
				LastUpgradeCheck = 0920;
				ORGANIZATIONNAME = "Nice Agency";
				TargetAttributes = {
					B06A5CED1E4358D500DAFF6B = {
						CreatedOnToolsVersion = 8.2.1;
						LastSwiftMigration = 0920;
						ProvisioningStyle = Automatic;
					};
					B08CC98F1CC526AF00FB17EE = {
						CreatedOnToolsVersion = 7.3;
						LastSwiftMigration = 0920;
					};
					B08CCA031CC8DF1400FB17EE = {
						CreatedOnToolsVersion = 7.3;
						LastSwiftMigration = 0800;
					};
					B08CCA251CC8DFDE00FB17EE = {
						CreatedOnToolsVersion = 7.3;
						LastSwiftMigration = 0800;
					};
				};
			};
			buildConfigurationList = B08CC98A1CC526AF00FB17EE /* Build configuration list for PBXProject "Log" */;
			compatibilityVersion = "Xcode 3.2";
			developmentRegion = English;
			hasScannedForEncodings = 0;
			knownRegions = (
				en,
			);
			mainGroup = B08CC9861CC526AF00FB17EE;
			productRefGroup = B08CC9911CC526AF00FB17EE /* Products */;
			projectDirPath = "";
			projectRoot = "";
			targets = (
				B08CC98F1CC526AF00FB17EE /* Log-iOS */,
				B08CCA031CC8DF1400FB17EE /* Log-tvOS */,
				B08CCA251CC8DFDE00FB17EE /* Log-macOS */,
				B06A5CED1E4358D500DAFF6B /* LogTests */,
			);
		};
/* End PBXProject section */

/* Begin PBXResourcesBuildPhase section */
		B06A5CEC1E4358D500DAFF6B /* Resources */ = {
			isa = PBXResourcesBuildPhase;
			buildActionMask = 2147483647;
			files = (
			);
			runOnlyForDeploymentPostprocessing = 0;
		};
		B08CC98E1CC526AF00FB17EE /* Resources */ = {
			isa = PBXResourcesBuildPhase;
			buildActionMask = 2147483647;
			files = (
			);
			runOnlyForDeploymentPostprocessing = 0;
		};
		B08CCA021CC8DF1400FB17EE /* Resources */ = {
			isa = PBXResourcesBuildPhase;
			buildActionMask = 2147483647;
			files = (
			);
			runOnlyForDeploymentPostprocessing = 0;
		};
		B08CCA241CC8DFDE00FB17EE /* Resources */ = {
			isa = PBXResourcesBuildPhase;
			buildActionMask = 2147483647;
			files = (
			);
			runOnlyForDeploymentPostprocessing = 0;
		};
/* End PBXResourcesBuildPhase section */

/* Begin PBXSourcesBuildPhase section */
		B06A5CEA1E4358D500DAFF6B /* Sources */ = {
			isa = PBXSourcesBuildPhase;
			buildActionMask = 2147483647;
			files = (
				B06A5CF11E4358D500DAFF6B /* LogTests.swift in Sources */,
			);
			runOnlyForDeploymentPostprocessing = 0;
		};
		B08CC98B1CC526AF00FB17EE /* Sources */ = {
			isa = PBXSourcesBuildPhase;
			buildActionMask = 2147483647;
			files = (
				B08CC9C51CC53D8700FB17EE /* Log.swift in Sources */,
				B06A5CE71E43565F00DAFF6B /* BasicLog.swift in Sources */,
			);
			runOnlyForDeploymentPostprocessing = 0;
		};
		B08CC9FF1CC8DF1400FB17EE /* Sources */ = {
			isa = PBXSourcesBuildPhase;
			buildActionMask = 2147483647;
			files = (
				B08CCA1B1CC8DF4700FB17EE /* Log.swift in Sources */,
				B06A5CE81E43565F00DAFF6B /* BasicLog.swift in Sources */,
			);
			runOnlyForDeploymentPostprocessing = 0;
		};
		B08CCA211CC8DFDE00FB17EE /* Sources */ = {
			isa = PBXSourcesBuildPhase;
			buildActionMask = 2147483647;
			files = (
				B08CCA3D1CC8E01100FB17EE /* Log.swift in Sources */,
				B06A5CE91E43565F00DAFF6B /* BasicLog.swift in Sources */,
			);
			runOnlyForDeploymentPostprocessing = 0;
		};
/* End PBXSourcesBuildPhase section */

/* Begin PBXTargetDependency section */
		B06A5CF51E4358D500DAFF6B /* PBXTargetDependency */ = {
			isa = PBXTargetDependency;
			target = B08CCA251CC8DFDE00FB17EE /* Log-macOS */;
			targetProxy = B06A5CF41E4358D500DAFF6B /* PBXContainerItemProxy */;
		};
/* End PBXTargetDependency section */

/* Begin XCBuildConfiguration section */
		B06A5CF71E4358D500DAFF6B /* Debug */ = {
			isa = XCBuildConfiguration;
			buildSettings = {
				CLANG_WARN_DOCUMENTATION_COMMENTS = YES;
				CODE_SIGN_IDENTITY = "-";
				COMBINE_HIDPI_IMAGES = YES;
				INFOPLIST_FILE = LogTests/Info.plist;
				LD_RUNPATH_SEARCH_PATHS = "$(inherited) @executable_path/../Frameworks @loader_path/../Frameworks";
				MACOSX_DEPLOYMENT_TARGET = 10.11;
				PRODUCT_BUNDLE_IDENTIFIER = agency.nice.LogTests;
				PRODUCT_NAME = "$(TARGET_NAME)";
				SDKROOT = macosx;
				SWIFT_ACTIVE_COMPILATION_CONDITIONS = DEBUG;
				SWIFT_SWIFT3_OBJC_INFERENCE = On;
				SWIFT_VERSION = 4.0;
			};
			name = Debug;
		};
		B06A5CF81E4358D500DAFF6B /* Release */ = {
			isa = XCBuildConfiguration;
			buildSettings = {
				CLANG_WARN_DOCUMENTATION_COMMENTS = YES;
				CODE_SIGN_IDENTITY = "-";
				COMBINE_HIDPI_IMAGES = YES;
				INFOPLIST_FILE = LogTests/Info.plist;
				LD_RUNPATH_SEARCH_PATHS = "$(inherited) @executable_path/../Frameworks @loader_path/../Frameworks";
				MACOSX_DEPLOYMENT_TARGET = 10.11;
				PRODUCT_BUNDLE_IDENTIFIER = agency.nice.LogTests;
				PRODUCT_NAME = "$(TARGET_NAME)";
				SDKROOT = macosx;
				SWIFT_SWIFT3_OBJC_INFERENCE = On;
				SWIFT_VERSION = 4.0;
			};
			name = Release;
		};
		B08CC9A21CC526B000FB17EE /* Debug */ = {
			isa = XCBuildConfiguration;
			buildSettings = {
				ALWAYS_SEARCH_USER_PATHS = NO;
				CLANG_ANALYZER_NONNULL = YES;
				CLANG_CXX_LANGUAGE_STANDARD = "gnu++0x";
				CLANG_CXX_LIBRARY = "libc++";
				CLANG_ENABLE_MODULES = YES;
				CLANG_ENABLE_OBJC_ARC = YES;
				CLANG_WARN_BLOCK_CAPTURE_AUTORELEASING = YES;
				CLANG_WARN_BOOL_CONVERSION = YES;
				CLANG_WARN_COMMA = YES;
				CLANG_WARN_CONSTANT_CONVERSION = YES;
				CLANG_WARN_DIRECT_OBJC_ISA_USAGE = YES_ERROR;
				CLANG_WARN_EMPTY_BODY = YES;
				CLANG_WARN_ENUM_CONVERSION = YES;
				CLANG_WARN_INFINITE_RECURSION = YES;
				CLANG_WARN_INT_CONVERSION = YES;
				CLANG_WARN_NON_LITERAL_NULL_CONVERSION = YES;
				CLANG_WARN_OBJC_LITERAL_CONVERSION = YES;
				CLANG_WARN_OBJC_ROOT_CLASS = YES_ERROR;
				CLANG_WARN_RANGE_LOOP_ANALYSIS = YES;
				CLANG_WARN_STRICT_PROTOTYPES = YES;
				CLANG_WARN_SUSPICIOUS_MOVE = YES;
				CLANG_WARN_UNREACHABLE_CODE = YES;
				CLANG_WARN__DUPLICATE_METHOD_MATCH = YES;
				"CODE_SIGN_IDENTITY[sdk=iphoneos*]" = "iPhone Developer";
				COPY_PHASE_STRIP = NO;
				CURRENT_PROJECT_VERSION = 1;
				DEBUG_INFORMATION_FORMAT = dwarf;
				ENABLE_STRICT_OBJC_MSGSEND = YES;
				ENABLE_TESTABILITY = YES;
				GCC_C_LANGUAGE_STANDARD = gnu99;
				GCC_DYNAMIC_NO_PIC = NO;
				GCC_NO_COMMON_BLOCKS = YES;
				GCC_OPTIMIZATION_LEVEL = 0;
				GCC_PREPROCESSOR_DEFINITIONS = (
					"DEBUG=1",
					"$(inherited)",
				);
				GCC_WARN_64_TO_32_BIT_CONVERSION = YES;
				GCC_WARN_ABOUT_RETURN_TYPE = YES_ERROR;
				GCC_WARN_UNDECLARED_SELECTOR = YES;
				GCC_WARN_UNINITIALIZED_AUTOS = YES_AGGRESSIVE;
				GCC_WARN_UNUSED_FUNCTION = YES;
				GCC_WARN_UNUSED_VARIABLE = YES;
				IPHONEOS_DEPLOYMENT_TARGET = 9.3;
				MTL_ENABLE_DEBUG_INFO = YES;
				ONLY_ACTIVE_ARCH = YES;
				SDKROOT = iphoneos;
				SWIFT_OPTIMIZATION_LEVEL = "-Onone";
				TARGETED_DEVICE_FAMILY = "1,2";
				VERSIONING_SYSTEM = "apple-generic";
				VERSION_INFO_PREFIX = "";
			};
			name = Debug;
		};
		B08CC9A31CC526B000FB17EE /* Release */ = {
			isa = XCBuildConfiguration;
			buildSettings = {
				ALWAYS_SEARCH_USER_PATHS = NO;
				CLANG_ANALYZER_NONNULL = YES;
				CLANG_CXX_LANGUAGE_STANDARD = "gnu++0x";
				CLANG_CXX_LIBRARY = "libc++";
				CLANG_ENABLE_MODULES = YES;
				CLANG_ENABLE_OBJC_ARC = YES;
				CLANG_WARN_BLOCK_CAPTURE_AUTORELEASING = YES;
				CLANG_WARN_BOOL_CONVERSION = YES;
				CLANG_WARN_COMMA = YES;
				CLANG_WARN_CONSTANT_CONVERSION = YES;
				CLANG_WARN_DIRECT_OBJC_ISA_USAGE = YES_ERROR;
				CLANG_WARN_EMPTY_BODY = YES;
				CLANG_WARN_ENUM_CONVERSION = YES;
				CLANG_WARN_INFINITE_RECURSION = YES;
				CLANG_WARN_INT_CONVERSION = YES;
				CLANG_WARN_NON_LITERAL_NULL_CONVERSION = YES;
				CLANG_WARN_OBJC_LITERAL_CONVERSION = YES;
				CLANG_WARN_OBJC_ROOT_CLASS = YES_ERROR;
				CLANG_WARN_RANGE_LOOP_ANALYSIS = YES;
				CLANG_WARN_STRICT_PROTOTYPES = YES;
				CLANG_WARN_SUSPICIOUS_MOVE = YES;
				CLANG_WARN_UNREACHABLE_CODE = YES;
				CLANG_WARN__DUPLICATE_METHOD_MATCH = YES;
				"CODE_SIGN_IDENTITY[sdk=iphoneos*]" = "iPhone Developer";
				COPY_PHASE_STRIP = NO;
				CURRENT_PROJECT_VERSION = 1;
				DEBUG_INFORMATION_FORMAT = "dwarf-with-dsym";
				ENABLE_NS_ASSERTIONS = NO;
				ENABLE_STRICT_OBJC_MSGSEND = YES;
				GCC_C_LANGUAGE_STANDARD = gnu99;
				GCC_NO_COMMON_BLOCKS = YES;
				GCC_WARN_64_TO_32_BIT_CONVERSION = YES;
				GCC_WARN_ABOUT_RETURN_TYPE = YES_ERROR;
				GCC_WARN_UNDECLARED_SELECTOR = YES;
				GCC_WARN_UNINITIALIZED_AUTOS = YES_AGGRESSIVE;
				GCC_WARN_UNUSED_FUNCTION = YES;
				GCC_WARN_UNUSED_VARIABLE = YES;
				IPHONEOS_DEPLOYMENT_TARGET = 9.3;
				MTL_ENABLE_DEBUG_INFO = NO;
				SDKROOT = iphoneos;
				SWIFT_OPTIMIZATION_LEVEL = "-Owholemodule";
				TARGETED_DEVICE_FAMILY = "1,2";
				VALIDATE_PRODUCT = YES;
				VERSIONING_SYSTEM = "apple-generic";
				VERSION_INFO_PREFIX = "";
			};
			name = Release;
		};
		B08CC9A51CC526B000FB17EE /* Debug */ = {
			isa = XCBuildConfiguration;
			buildSettings = {
				APPLICATION_EXTENSION_API_ONLY = YES;
				CLANG_ENABLE_MODULES = YES;
				"CODE_SIGN_IDENTITY[sdk=iphoneos*]" = "";
				DEFINES_MODULE = YES;
				DYLIB_COMPATIBILITY_VERSION = 1;
				DYLIB_CURRENT_VERSION = 1;
				DYLIB_INSTALL_NAME_BASE = "@rpath";
				INFOPLIST_FILE = Log/Info.plist;
				INSTALL_PATH = "$(LOCAL_LIBRARY_DIR)/Frameworks";
				IPHONEOS_DEPLOYMENT_TARGET = 8.0;
				LD_RUNPATH_SEARCH_PATHS = "$(inherited) @executable_path/Frameworks @loader_path/Frameworks";
				PRODUCT_BUNDLE_IDENTIFIER = "agency.nice.Log-iOS";
				PRODUCT_NAME = Log;
				SKIP_INSTALL = YES;
				SWIFT_OPTIMIZATION_LEVEL = "-Onone";
				SWIFT_SWIFT3_OBJC_INFERENCE = Off;
				SWIFT_VERSION = 4.0;
			};
			name = Debug;
		};
		B08CC9A61CC526B000FB17EE /* Release */ = {
			isa = XCBuildConfiguration;
			buildSettings = {
				APPLICATION_EXTENSION_API_ONLY = YES;
				CLANG_ENABLE_MODULES = YES;
				"CODE_SIGN_IDENTITY[sdk=iphoneos*]" = "";
				DEFINES_MODULE = YES;
				DYLIB_COMPATIBILITY_VERSION = 1;
				DYLIB_CURRENT_VERSION = 1;
				DYLIB_INSTALL_NAME_BASE = "@rpath";
				INFOPLIST_FILE = Log/Info.plist;
				INSTALL_PATH = "$(LOCAL_LIBRARY_DIR)/Frameworks";
				IPHONEOS_DEPLOYMENT_TARGET = 8.0;
				LD_RUNPATH_SEARCH_PATHS = "$(inherited) @executable_path/Frameworks @loader_path/Frameworks";
				PRODUCT_BUNDLE_IDENTIFIER = "agency.nice.Log-iOS";
				PRODUCT_NAME = Log;
				SKIP_INSTALL = YES;
				SWIFT_SWIFT3_OBJC_INFERENCE = Off;
				SWIFT_VERSION = 4.0;
			};
			name = Release;
		};
		B08CCA161CC8DF1400FB17EE /* Debug */ = {
			isa = XCBuildConfiguration;
			buildSettings = {
				APPLICATION_EXTENSION_API_ONLY = YES;
				"CODE_SIGN_IDENTITY[sdk=appletvos*]" = "";
				DEFINES_MODULE = YES;
				DYLIB_COMPATIBILITY_VERSION = 1;
				DYLIB_CURRENT_VERSION = 1;
				DYLIB_INSTALL_NAME_BASE = "@rpath";
				INFOPLIST_FILE = Log/Info.plist;
				INSTALL_PATH = "$(LOCAL_LIBRARY_DIR)/Frameworks";
				LD_RUNPATH_SEARCH_PATHS = "$(inherited) @executable_path/Frameworks @loader_path/Frameworks";
				PRODUCT_BUNDLE_IDENTIFIER = "agency.nice.Log-tvOS";
				PRODUCT_NAME = Log;
				SDKROOT = appletvos;
				SKIP_INSTALL = YES;
				SWIFT_VERSION = 4.0;
				TARGETED_DEVICE_FAMILY = 3;
				TVOS_DEPLOYMENT_TARGET = 9.0;
			};
			name = Debug;
		};
		B08CCA171CC8DF1400FB17EE /* Release */ = {
			isa = XCBuildConfiguration;
			buildSettings = {
				APPLICATION_EXTENSION_API_ONLY = YES;
				"CODE_SIGN_IDENTITY[sdk=appletvos*]" = "";
				DEFINES_MODULE = YES;
				DYLIB_COMPATIBILITY_VERSION = 1;
				DYLIB_CURRENT_VERSION = 1;
				DYLIB_INSTALL_NAME_BASE = "@rpath";
				INFOPLIST_FILE = Log/Info.plist;
				INSTALL_PATH = "$(LOCAL_LIBRARY_DIR)/Frameworks";
				LD_RUNPATH_SEARCH_PATHS = "$(inherited) @executable_path/Frameworks @loader_path/Frameworks";
				PRODUCT_BUNDLE_IDENTIFIER = "agency.nice.Log-tvOS";
				PRODUCT_NAME = Log;
				SDKROOT = appletvos;
				SKIP_INSTALL = YES;
				SWIFT_VERSION = 4.0;
				TARGETED_DEVICE_FAMILY = 3;
				TVOS_DEPLOYMENT_TARGET = 9.0;
			};
			name = Release;
		};
		B08CCA381CC8DFDE00FB17EE /* Debug */ = {
			isa = XCBuildConfiguration;
			buildSettings = {
				APPLICATION_EXTENSION_API_ONLY = YES;
				CODE_SIGN_IDENTITY = "";
				COMBINE_HIDPI_IMAGES = YES;
				DEFINES_MODULE = YES;
				DYLIB_COMPATIBILITY_VERSION = 1;
				DYLIB_CURRENT_VERSION = 1;
				DYLIB_INSTALL_NAME_BASE = "@rpath";
				FRAMEWORK_VERSION = A;
				INFOPLIST_FILE = Log/Info.plist;
				INSTALL_PATH = "$(LOCAL_LIBRARY_DIR)/Frameworks";
				LD_RUNPATH_SEARCH_PATHS = "$(inherited) @executable_path/../Frameworks @loader_path/Frameworks";
				MACOSX_DEPLOYMENT_TARGET = 10.11;
				PRODUCT_BUNDLE_IDENTIFIER = "agency.nice.Log-macOS";
				PRODUCT_NAME = Log;
				SDKROOT = macosx;
				SKIP_INSTALL = YES;
				SWIFT_VERSION = 4.0;
			};
			name = Debug;
		};
		B08CCA391CC8DFDE00FB17EE /* Release */ = {
			isa = XCBuildConfiguration;
			buildSettings = {
				APPLICATION_EXTENSION_API_ONLY = YES;
				CODE_SIGN_IDENTITY = "";
				COMBINE_HIDPI_IMAGES = YES;
				DEFINES_MODULE = YES;
				DYLIB_COMPATIBILITY_VERSION = 1;
				DYLIB_CURRENT_VERSION = 1;
				DYLIB_INSTALL_NAME_BASE = "@rpath";
				FRAMEWORK_VERSION = A;
				INFOPLIST_FILE = Log/Info.plist;
				INSTALL_PATH = "$(LOCAL_LIBRARY_DIR)/Frameworks";
				LD_RUNPATH_SEARCH_PATHS = "$(inherited) @executable_path/../Frameworks @loader_path/Frameworks";
				MACOSX_DEPLOYMENT_TARGET = 10.11;
				PRODUCT_BUNDLE_IDENTIFIER = "agency.nice.Log-macOS";
				PRODUCT_NAME = Log;
				SDKROOT = macosx;
				SKIP_INSTALL = YES;
				SWIFT_VERSION = 4.0;
			};
			name = Release;
		};
/* End XCBuildConfiguration section */

/* Begin XCConfigurationList section */
		B06A5CF61E4358D500DAFF6B /* Build configuration list for PBXNativeTarget "LogTests" */ = {
			isa = XCConfigurationList;
			buildConfigurations = (
				B06A5CF71E4358D500DAFF6B /* Debug */,
				B06A5CF81E4358D500DAFF6B /* Release */,
			);
			defaultConfigurationIsVisible = 0;
			defaultConfigurationName = Release;
		};
		B08CC98A1CC526AF00FB17EE /* Build configuration list for PBXProject "Log" */ = {
			isa = XCConfigurationList;
			buildConfigurations = (
				B08CC9A21CC526B000FB17EE /* Debug */,
				B08CC9A31CC526B000FB17EE /* Release */,
			);
			defaultConfigurationIsVisible = 0;
			defaultConfigurationName = Release;
		};
		B08CC9A41CC526B000FB17EE /* Build configuration list for PBXNativeTarget "Log-iOS" */ = {
			isa = XCConfigurationList;
			buildConfigurations = (
				B08CC9A51CC526B000FB17EE /* Debug */,
				B08CC9A61CC526B000FB17EE /* Release */,
			);
			defaultConfigurationIsVisible = 0;
			defaultConfigurationName = Release;
		};
		B08CCA151CC8DF1400FB17EE /* Build configuration list for PBXNativeTarget "Log-tvOS" */ = {
			isa = XCConfigurationList;
			buildConfigurations = (
				B08CCA161CC8DF1400FB17EE /* Debug */,
				B08CCA171CC8DF1400FB17EE /* Release */,
			);
			defaultConfigurationIsVisible = 0;
			defaultConfigurationName = Release;
		};
		B08CCA371CC8DFDE00FB17EE /* Build configuration list for PBXNativeTarget "Log-macOS" */ = {
			isa = XCConfigurationList;
			buildConfigurations = (
				B08CCA381CC8DFDE00FB17EE /* Debug */,
				B08CCA391CC8DFDE00FB17EE /* Release */,
			);
			defaultConfigurationIsVisible = 0;
			defaultConfigurationName = Release;
		};
/* End XCConfigurationList section */
	};
	rootObject = B08CC9871CC526AF00FB17EE /* Project object */;
}
